
Microsoft Visual Studio Solution File, Format Version 12.00
# Visual Studio Version 17
VisualStudioVersion = 17.9.34723.18
MinimumVisualStudioVersion = 10.0.40219.1
<<<<<<< HEAD
Project("{9A19103F-16F7-4668-BE54-9A1E7A4F7556}") = "Assignment2", "Assignment2\Assignment2.csproj", "{13D909CE-8279-4A0D-B60E-F45DE42D97F1}"
EndProject
Project("{FAE04EC0-301F-11D3-BF4B-00C04F79EFBC}") = "ProductTests", "ProductTests\ProductTests.csproj", "{8ADEB178-429C-4395-BB83-7ADD1FDE188D}"
=======
Project("{FAE04EC0-301F-11D3-BF4B-00C04F79EFBC}") = "Assignment2", "Assignment2\Assignment2.csproj", "{13D909CE-8279-4A0D-B60E-F45DE42D97F1}"
>>>>>>> f6c56aab8ba8b3cc3d8f1fbe747abd329832378a
EndProject
Global
	GlobalSection(SolutionConfigurationPlatforms) = preSolution
		Debug|Any CPU = Debug|Any CPU
		Release|Any CPU = Release|Any CPU
	EndGlobalSection
	GlobalSection(ProjectConfigurationPlatforms) = postSolution
		{13D909CE-8279-4A0D-B60E-F45DE42D97F1}.Debug|Any CPU.ActiveCfg = Debug|Any CPU
		{13D909CE-8279-4A0D-B60E-F45DE42D97F1}.Debug|Any CPU.Build.0 = Debug|Any CPU
		{13D909CE-8279-4A0D-B60E-F45DE42D97F1}.Release|Any CPU.ActiveCfg = Release|Any CPU
		{13D909CE-8279-4A0D-B60E-F45DE42D97F1}.Release|Any CPU.Build.0 = Release|Any CPU
<<<<<<< HEAD
		{8ADEB178-429C-4395-BB83-7ADD1FDE188D}.Debug|Any CPU.ActiveCfg = Debug|Any CPU
		{8ADEB178-429C-4395-BB83-7ADD1FDE188D}.Debug|Any CPU.Build.0 = Debug|Any CPU
		{8ADEB178-429C-4395-BB83-7ADD1FDE188D}.Release|Any CPU.ActiveCfg = Release|Any CPU
		{8ADEB178-429C-4395-BB83-7ADD1FDE188D}.Release|Any CPU.Build.0 = Release|Any CPU
=======
>>>>>>> f6c56aab8ba8b3cc3d8f1fbe747abd329832378a
	EndGlobalSection
	GlobalSection(SolutionProperties) = preSolution
		HideSolutionNode = FALSE
	EndGlobalSection
	GlobalSection(ExtensibilityGlobals) = postSolution
		SolutionGuid = {8E88E3E3-5DFC-44B5-A7E6-B280530947BB}
	EndGlobalSection
EndGlobal
